
Microsoft Visual Studio Solution File, Format Version 12.00
# Visual Studio Version 16
VisualStudioVersion = 16.0.30611.23
MinimumVisualStudioVersion = 10.0.40219.1
Project("{FAE04EC0-301F-11D3-BF4B-00C04F79EFBC}") = "FYP_Pharmacy", "FYP_Pharmacy\FYP_Pharmacy.csproj", "{9FB59749-F8E1-4E98-B12F-0471DD9C56DE}"
EndProject
Project("{FAE04EC0-301F-11D3-BF4B-00C04F79EFBC}") = "Generics", "Generics\Generics.csproj", "{24E14A01-A303-475C-B81B-8667638C1D38}"
EndProject
Project("{FAE04EC0-301F-11D3-BF4B-00C04F79EFBC}") = "Logger", "Logger\Logger.csproj", "{C2E5FEA1-DD28-45CE-B536-D453A617EE2A}"
EndProject
Global
	GlobalSection(SolutionConfigurationPlatforms) = preSolution
		Debug|Any CPU = Debug|Any CPU
		Release|Any CPU = Release|Any CPU
	EndGlobalSection
	GlobalSection(ProjectConfigurationPlatforms) = postSolution
		{9FB59749-F8E1-4E98-B12F-0471DD9C56DE}.Debug|Any CPU.ActiveCfg = Debug|Any CPU
		{9FB59749-F8E1-4E98-B12F-0471DD9C56DE}.Debug|Any CPU.Build.0 = Debug|Any CPU
		{9FB59749-F8E1-4E98-B12F-0471DD9C56DE}.Release|Any CPU.ActiveCfg = Release|Any CPU
		{9FB59749-F8E1-4E98-B12F-0471DD9C56DE}.Release|Any CPU.Build.0 = Release|Any CPU
		{24E14A01-A303-475C-B81B-8667638C1D38}.Debug|Any CPU.ActiveCfg = Debug|Any CPU
		{24E14A01-A303-475C-B81B-8667638C1D38}.Debug|Any CPU.Build.0 = Debug|Any CPU
		{24E14A01-A303-475C-B81B-8667638C1D38}.Release|Any CPU.ActiveCfg = Release|Any CPU
		{24E14A01-A303-475C-B81B-8667638C1D38}.Release|Any CPU.Build.0 = Release|Any CPU
		{C2E5FEA1-DD28-45CE-B536-D453A617EE2A}.Debug|Any CPU.ActiveCfg = Debug|Any CPU
		{C2E5FEA1-DD28-45CE-B536-D453A617EE2A}.Debug|Any CPU.Build.0 = Debug|Any CPU
		{C2E5FEA1-DD28-45CE-B536-D453A617EE2A}.Release|Any CPU.ActiveCfg = Release|Any CPU
		{C2E5FEA1-DD28-45CE-B536-D453A617EE2A}.Release|Any CPU.Build.0 = Release|Any CPU
	EndGlobalSection
	GlobalSection(SolutionProperties) = preSolution
		HideSolutionNode = FALSE
	EndGlobalSection
	GlobalSection(ExtensibilityGlobals) = postSolution
		SolutionGuid = {3DC7D59A-7B0C-412F-A299-3FC0A61358F9}
	EndGlobalSection
EndGlobal
